PODS:
  - Flutter (1.0.0)
  - lamp (0.0.1):
    - Flutter
  - torch (0.0.1):
    - Flutter

DEPENDENCIES:
  - Flutter (from `.symlinks/flutter/ios`)
  - lamp (from `.symlinks/plugins/lamp/ios`)
  - torch (from `.symlinks/plugins/torch/ios`)

EXTERNAL SOURCES:
  Flutter:
    :path: ".symlinks/flutter/ios"
  lamp:
    :path: ".symlinks/plugins/lamp/ios"
  torch:
    :path: ".symlinks/plugins/torch/ios"

SPEC CHECKSUMS:
  Flutter: 9d0fac939486c9aba2809b7982dfdbb47a7b0296
  lamp: e9d97bbbb2352fa8f1323410f0091da30f8f454d
  torch: 6c46d93b89d6a8b2ead648eb8b48a34a12849463

PODFILE CHECKSUM: aff02bfeed411c636180d6812254b2daeea14d09

COCOAPODS: 1.5.3
